
Microsoft Visual Studio Solution File, Format Version 12.00
# Visual Studio Version 17
VisualStudioVersion = 17.7.34024.191
MinimumVisualStudioVersion = 10.0.40219.1
Project("{2150E333-8FDC-42A3-9474-1A3956D46DE8}") = "src", "src", "{BA35F1E5-5766-4C37-A1DB-3FD55CF728DF}"
EndProject
Project("{2150E333-8FDC-42A3-9474-1A3956D46DE8}") = "Api", "Api", "{3E68324C-36B5-4234-AE82-212A71D2D3DE}"
EndProject
Project("{2150E333-8FDC-42A3-9474-1A3956D46DE8}") = "Clients", "Clients", "{CDCCBE3D-B998-4D02-B7BE-6F727CBC69F8}"
EndProject
Project("{2150E333-8FDC-42A3-9474-1A3956D46DE8}") = "Common", "Common", "{275430C4-FC50-4CC7-AD23-0C2BE0B44F69}"
EndProject
Project("{2150E333-8FDC-42A3-9474-1A3956D46DE8}") = "Projections", "Projections", "{D6DA3B1F-6D4E-42FF-8DE0-7088E6471B0B}"
EndProject
Project("{2150E333-8FDC-42A3-9474-1A3956D46DE8}") = "Core", "Core", "{510F1562-7ED6-414A-A1DE-06B15CCDBC68}"
EndProject
Project("{2150E333-8FDC-42A3-9474-1A3956D46DE8}") = "Infrastructure", "Infrastructure", "{22313762-E968-4551-8F35-7C28BA4FB3E9}"
EndProject
Project("{2150E333-8FDC-42A3-9474-1A3956D46DE8}") = "WebApi", "WebApi", "{E71C243B-952B-498B-B882-670962FC52E9}"
EndProject
Project("{2150E333-8FDC-42A3-9474-1A3956D46DE8}") = "BlazorWeb", "BlazorWeb", "{4A4DEA91-5CC1-4344-BFB8-4103466776DF}"
EndProject
Project("{9A19103F-16F7-4668-BE54-9A1E7A4F7556}") = "BlazorSozluk.Common", "src\Common\BlazorSozluk.Common\BlazorSozluk.Common.csproj", "{990D86A3-8F41-4FA0-A157-73849C2E6438}"
EndProject
Project("{9A19103F-16F7-4668-BE54-9A1E7A4F7556}") = "BlazorSozluk.Api.Domain", "src\Api\Core\BlazorSozluk.Api.Domain\BlazorSozluk.Api.Domain.csproj", "{E2B705AE-0AAC-4FE4-BD43-67984A369A0B}"
EndProject
Project("{9A19103F-16F7-4668-BE54-9A1E7A4F7556}") = "BlazorSozluk.Api.Application", "src\Api\Core\BlazorSozluk.Api.Application\BlazorSozluk.Api.Application.csproj", "{98E3D368-7490-44B7-A9CD-886D8B584181}"
EndProject
Project("{9A19103F-16F7-4668-BE54-9A1E7A4F7556}") = "BlazorSozluk.Infrastructure.Persistence", "src\Api\Infrastructure\BlazorSozluk.Infrastructure.Persistence\BlazorSozluk.Infrastructure.Persistence.csproj", "{32ACD85F-B694-4371-B35D-2F4885FA5089}"
EndProject
Project("{9A19103F-16F7-4668-BE54-9A1E7A4F7556}") = "BlazorSozluk.Api.WebApi", "src\Api\WebApi\BlazorSozluk.Api.WebApi\BlazorSozluk.Api.WebApi.csproj", "{821A8889-E460-4992-8EE5-A0225E753481}"
EndProject
Project("{9A19103F-16F7-4668-BE54-9A1E7A4F7556}") = "BlazorSozluk.Projections.FavoriteService", "src\Projections\BlazorSozluk.Projections.FavoriteService\BlazorSozluk.Projections.FavoriteService.csproj", "{D7897922-68A1-4B60-975B-D393E174A5BA}"
EndProject
Project("{9A19103F-16F7-4668-BE54-9A1E7A4F7556}") = "BlazorSozluk.Projections.UserService", "src\Projections\BlazorSozluk.Projections.UserService\BlazorSozluk.Projections.UserService.csproj", "{6AEEAF3E-4AFD-4702-963A-70E5B40D2B84}"
EndProject
Project("{9A19103F-16F7-4668-BE54-9A1E7A4F7556}") = "BlazorSozluk.Projections.VoteService", "src\Projections\BlazorSozluk.Projections.VoteService\BlazorSozluk.Projections.VoteService.csproj", "{7879318F-A8F5-4067-A282-C41E5C34FDE5}"
EndProject
Project("{9A19103F-16F7-4668-BE54-9A1E7A4F7556}") = "BlazorSozluk.WebApp", "src\Clients\BlazorWeb\BlazorSozluk.WebApp\BlazorSozluk.WebApp.csproj", "{A9D2CEA2-FD87-4105-AAB2-DD75D6963F38}"
EndProject
Global
	GlobalSection(SolutionConfigurationPlatforms) = preSolution
		Debug|Any CPU = Debug|Any CPU
		Release|Any CPU = Release|Any CPU
	EndGlobalSection
	GlobalSection(ProjectConfigurationPlatforms) = postSolution
		{990D86A3-8F41-4FA0-A157-73849C2E6438}.Debug|Any CPU.ActiveCfg = Debug|Any CPU
		{990D86A3-8F41-4FA0-A157-73849C2E6438}.Debug|Any CPU.Build.0 = Debug|Any CPU
		{990D86A3-8F41-4FA0-A157-73849C2E6438}.Release|Any CPU.ActiveCfg = Release|Any CPU
		{990D86A3-8F41-4FA0-A157-73849C2E6438}.Release|Any CPU.Build.0 = Release|Any CPU
		{E2B705AE-0AAC-4FE4-BD43-67984A369A0B}.Debug|Any CPU.ActiveCfg = Debug|Any CPU
		{E2B705AE-0AAC-4FE4-BD43-67984A369A0B}.Debug|Any CPU.Build.0 = Debug|Any CPU
		{E2B705AE-0AAC-4FE4-BD43-67984A369A0B}.Release|Any CPU.ActiveCfg = Release|Any CPU
		{E2B705AE-0AAC-4FE4-BD43-67984A369A0B}.Release|Any CPU.Build.0 = Release|Any CPU
		{98E3D368-7490-44B7-A9CD-886D8B584181}.Debug|Any CPU.ActiveCfg = Debug|Any CPU
		{98E3D368-7490-44B7-A9CD-886D8B584181}.Debug|Any CPU.Build.0 = Debug|Any CPU
		{98E3D368-7490-44B7-A9CD-886D8B584181}.Release|Any CPU.ActiveCfg = Release|Any CPU
		{98E3D368-7490-44B7-A9CD-886D8B584181}.Release|Any CPU.Build.0 = Release|Any CPU
		{32ACD85F-B694-4371-B35D-2F4885FA5089}.Debug|Any CPU.ActiveCfg = Debug|Any CPU
		{32ACD85F-B694-4371-B35D-2F4885FA5089}.Debug|Any CPU.Build.0 = Debug|Any CPU
		{32ACD85F-B694-4371-B35D-2F4885FA5089}.Release|Any CPU.ActiveCfg = Release|Any CPU
		{32ACD85F-B694-4371-B35D-2F4885FA5089}.Release|Any CPU.Build.0 = Release|Any CPU
		{821A8889-E460-4992-8EE5-A0225E753481}.Debug|Any CPU.ActiveCfg = Debug|Any CPU
		{821A8889-E460-4992-8EE5-A0225E753481}.Debug|Any CPU.Build.0 = Debug|Any CPU
		{821A8889-E460-4992-8EE5-A0225E753481}.Release|Any CPU.ActiveCfg = Release|Any CPU
		{821A8889-E460-4992-8EE5-A0225E753481}.Release|Any CPU.Build.0 = Release|Any CPU
		{D7897922-68A1-4B60-975B-D393E174A5BA}.Debug|Any CPU.ActiveCfg = Debug|Any CPU
		{D7897922-68A1-4B60-975B-D393E174A5BA}.Debug|Any CPU.Build.0 = Debug|Any CPU
		{D7897922-68A1-4B60-975B-D393E174A5BA}.Release|Any CPU.ActiveCfg = Release|Any CPU
		{D7897922-68A1-4B60-975B-D393E174A5BA}.Release|Any CPU.Build.0 = Release|Any CPU
		{6AEEAF3E-4AFD-4702-963A-70E5B40D2B84}.Debug|Any CPU.ActiveCfg = Debug|Any CPU
		{6AEEAF3E-4AFD-4702-963A-70E5B40D2B84}.Debug|Any CPU.Build.0 = Debug|Any CPU
		{6AEEAF3E-4AFD-4702-963A-70E5B40D2B84}.Release|Any CPU.ActiveCfg = Release|Any CPU
		{6AEEAF3E-4AFD-4702-963A-70E5B40D2B84}.Release|Any CPU.Build.0 = Release|Any CPU
		{7879318F-A8F5-4067-A282-C41E5C34FDE5}.Debug|Any CPU.ActiveCfg = Debug|Any CPU
		{7879318F-A8F5-4067-A282-C41E5C34FDE5}.Debug|Any CPU.Build.0 = Debug|Any CPU
		{7879318F-A8F5-4067-A282-C41E5C34FDE5}.Release|Any CPU.ActiveCfg = Release|Any CPU
		{7879318F-A8F5-4067-A282-C41E5C34FDE5}.Release|Any CPU.Build.0 = Release|Any CPU
		{A9D2CEA2-FD87-4105-AAB2-DD75D6963F38}.Debug|Any CPU.ActiveCfg = Debug|Any CPU
		{A9D2CEA2-FD87-4105-AAB2-DD75D6963F38}.Debug|Any CPU.Build.0 = Debug|Any CPU
		{A9D2CEA2-FD87-4105-AAB2-DD75D6963F38}.Release|Any CPU.ActiveCfg = Release|Any CPU
		{A9D2CEA2-FD87-4105-AAB2-DD75D6963F38}.Release|Any CPU.Build.0 = Release|Any CPU
	EndGlobalSection
	GlobalSection(SolutionProperties) = preSolution
		HideSolutionNode = FALSE
	EndGlobalSection
	GlobalSection(NestedProjects) = preSolution
		{3E68324C-36B5-4234-AE82-212A71D2D3DE} = {BA35F1E5-5766-4C37-A1DB-3FD55CF728DF}
		{CDCCBE3D-B998-4D02-B7BE-6F727CBC69F8} = {BA35F1E5-5766-4C37-A1DB-3FD55CF728DF}
		{275430C4-FC50-4CC7-AD23-0C2BE0B44F69} = {BA35F1E5-5766-4C37-A1DB-3FD55CF728DF}
		{D6DA3B1F-6D4E-42FF-8DE0-7088E6471B0B} = {BA35F1E5-5766-4C37-A1DB-3FD55CF728DF}
		{510F1562-7ED6-414A-A1DE-06B15CCDBC68} = {3E68324C-36B5-4234-AE82-212A71D2D3DE}
		{22313762-E968-4551-8F35-7C28BA4FB3E9} = {3E68324C-36B5-4234-AE82-212A71D2D3DE}
		{E71C243B-952B-498B-B882-670962FC52E9} = {3E68324C-36B5-4234-AE82-212A71D2D3DE}
		{4A4DEA91-5CC1-4344-BFB8-4103466776DF} = {CDCCBE3D-B998-4D02-B7BE-6F727CBC69F8}
		{990D86A3-8F41-4FA0-A157-73849C2E6438} = {275430C4-FC50-4CC7-AD23-0C2BE0B44F69}
		{E2B705AE-0AAC-4FE4-BD43-67984A369A0B} = {510F1562-7ED6-414A-A1DE-06B15CCDBC68}
		{98E3D368-7490-44B7-A9CD-886D8B584181} = {510F1562-7ED6-414A-A1DE-06B15CCDBC68}
		{32ACD85F-B694-4371-B35D-2F4885FA5089} = {22313762-E968-4551-8F35-7C28BA4FB3E9}
		{821A8889-E460-4992-8EE5-A0225E753481} = {E71C243B-952B-498B-B882-670962FC52E9}
		{D7897922-68A1-4B60-975B-D393E174A5BA} = {D6DA3B1F-6D4E-42FF-8DE0-7088E6471B0B}
		{6AEEAF3E-4AFD-4702-963A-70E5B40D2B84} = {D6DA3B1F-6D4E-42FF-8DE0-7088E6471B0B}
		{7879318F-A8F5-4067-A282-C41E5C34FDE5} = {D6DA3B1F-6D4E-42FF-8DE0-7088E6471B0B}
		{A9D2CEA2-FD87-4105-AAB2-DD75D6963F38} = {4A4DEA91-5CC1-4344-BFB8-4103466776DF}
	EndGlobalSection
	GlobalSection(ExtensibilityGlobals) = postSolution
		SolutionGuid = {8B204B5A-C295-408F-BB46-987B8D1E921B}
	EndGlobalSection
EndGlobal
